
Microsoft Visual Studio Solution File, Format Version 12.00
# Visual Studio 14
VisualStudioVersion = 14.0.25420.1
MinimumVisualStudioVersion = 10.0.40219.1
Project("{F184B08F-C81C-45F6-A57F-5ABD9991F28F}") = "System9.Debug3", "System9.Debug3\System9.Debug3.vbproj", "{B0070A73-23C0-43B6-A394-59D6B4A60832}"
EndProject
Project("{2150E333-8FDC-42A3-9474-1A3956D46DE8}") = "TEST", "TEST", "{E73BAF17-BB70-4F31-9A54-E7C5E3BD0F41}"
EndProject
Project("{F184B08F-C81C-45F6-A57F-5ABD9991F28F}") = "TEST01_ERP03", "TEST01_ERP03\TEST01_ERP03.vbproj", "{AB9EBEEF-FF48-4360-85AF-8ACA9404F819}"
EndProject
Project("{F184B08F-C81C-45F6-A57F-5ABD9991F28F}") = "TEST_REPORT", "TEST\TEST_REPORT\TEST_REPORT.vbproj", "{CF208466-FBC6-46A9-9F66-AC4B0B24B28A}"
EndProject
Project("{F184B08F-C81C-45F6-A57F-5ABD9991F28F}") = "TEST_REPORTR", "TEST\TEST_REPORTR\TEST_REPORTR.vbproj", "{7A805FDD-1D39-4B8B-A7AA-94DEDD4BF4AF}"
EndProject
Project("{F184B08F-C81C-45F6-A57F-5ABD9991F28F}") = "TEST02_ERP03", "TEST02_ERP03\TEST02_ERP03.vbproj", "{6C9362EF-9902-4465-8D31-23742AD205E6}"
EndProject
Project("{F184B08F-C81C-45F6-A57F-5ABD9991F28F}") = "TEST03_ERP03", "TEST03_ERP03\TEST03_ERP03.vbproj", "{CF32FEE7-690D-4F6B-AB82-5D0A065184FD}"
EndProject
Project("{2150E333-8FDC-42A3-9474-1A3956D46DE8}") = "SD", "SD", "{FCB82C23-E256-4442-9241-31D6449E18CA}"
EndProject
Project("{2150E333-8FDC-42A3-9474-1A3956D46DE8}") = "LE", "LE", "{D41AAE68-BE25-4F19-B96B-2B9ECE23279C}"
EndProject
Project("{2150E333-8FDC-42A3-9474-1A3956D46DE8}") = "PA", "PA", "{B35FC23D-8505-41D7-844C-9E6D4CE53EC7}"
EndProject
Project("{2150E333-8FDC-42A3-9474-1A3956D46DE8}") = "BC", "BC", "{4F5A191A-C3A6-4079-A8C7-71DDC3D874E6}"
EndProject
Project("{2150E333-8FDC-42A3-9474-1A3956D46DE8}") = "AS", "AS", "{02A26ACB-B62F-45E8-909D-5A94614AB020}"
EndProject
Project("{2150E333-8FDC-42A3-9474-1A3956D46DE8}") = "FA", "FA", "{169E7A1B-063E-42FB-8D6D-72EAE1B88F2F}"
EndProject
Project("{2150E333-8FDC-42A3-9474-1A3956D46DE8}") = "IM", "IM", "{D6DD8633-5DA9-4EE7-A598-4FD2E27166E4}"
EndProject
Project("{2150E333-8FDC-42A3-9474-1A3956D46DE8}") = "MM", "MM", "{F274EBDD-A098-42E8-AF4A-DA98997D2852}"
EndProject
Project("{F184B08F-C81C-45F6-A57F-5ABD9991F28F}") = "MMR100", "..\System9\MM\MMR100\MMR100.vbproj", "{3E9D9934-306E-4A46-A144-183B2B8EE6B0}"
EndProject
Project("{F184B08F-C81C-45F6-A57F-5ABD9991F28F}") = "SDP120", "..\System9\SD\SDP120\SDP120.vbproj", "{FA727F78-BAB6-4B2F-8CCD-CD0955317CFF}"
EndProject
Project("{F184B08F-C81C-45F6-A57F-5ABD9991F28F}") = "MMB100", "..\System9\MM\MMB100\MMB100.vbproj", "{1D9B28C4-8B12-46BA-9A0B-F4405092B42A}"
EndProject
Project("{F184B08F-C81C-45F6-A57F-5ABD9991F28F}") = "MMB100R1", "..\System9\MM\MMB100R1\MMB100R1.vbproj", "{1C58EABB-D11B-4A7C-9721-6EE8A2B5F2C9}"
EndProject
Project("{F184B08F-C81C-45F6-A57F-5ABD9991F28F}") = "SDD206", "..\System9\SD\SDD206\SDD206.vbproj", "{EF09F59A-6045-450C-9EAB-96647F141918}"
EndProject
Project("{F184B08F-C81C-45F6-A57F-5ABD9991F28F}") = "SDB400", "..\System9\SD\SDB400\SDB400.vbproj", "{96EB0114-78BA-4BCE-BC30-C651E6403AE5}"
EndProject
Project("{2150E333-8FDC-42A3-9474-1A3956D46DE8}") = "SC", "SC", "{F93C05EB-212F-4963-B4CC-2F92CD12F00D}"
EndProject
Project("{F184B08F-C81C-45F6-A57F-5ABD9991F28F}") = "SCS310", "..\System9\SC\SCS310\SCS310.vbproj", "{198F0E7B-4F13-4F38-BC87-2E1FEE5ED128}"
EndProject
Project("{F184B08F-C81C-45F6-A57F-5ABD9991F28F}") = "SCS300", "..\System9\SC\SCS300\SCS300.vbproj", "{12AB5C20-F998-4A46-B345-D7F181DFB536}"
EndProject
Project("{F184B08F-C81C-45F6-A57F-5ABD9991F28F}") = "SCS300GR", "..\System9\SC\SCS300GR\SCS300GR.vbproj", "{BD6B8372-9C1A-4C09-93D5-0E08323396CF}"
EndProject
Project("{F184B08F-C81C-45F6-A57F-5ABD9991F28F}") = "PAB108", "..\System9\PA\PAB108\PAB108.vbproj", "{FCBE6D11-63E0-4130-92D0-21DE5788A1BC}"
EndProject
Project("{F184B08F-C81C-45F6-A57F-5ABD9991F28F}") = "PAB108R", "..\System9\PA\PAB108R\PAB108R.vbproj", "{7F52FE00-F9B5-456C-B130-3FB575852343}"
EndProject
Project("{F184B08F-C81C-45F6-A57F-5ABD9991F28F}") = "PAB100", "..\System9\PA\PAB100\PAB100.vbproj", "{AB64EAEB-50AB-444E-B35F-E5DA1865FA9E}"
EndProject
Project("{F184B08F-C81C-45F6-A57F-5ABD9991F28F}") = "PAB130", "..\System9\PA\PAB130\PAB130.vbproj", "{98F595ED-0B4B-4BA6-8D22-957CD063854A}"
EndProject
Project("{F184B08F-C81C-45F6-A57F-5ABD9991F28F}") = "FAD710", "..\System9\FA\FAD710\FAD710.vbproj", "{2B70C674-DF05-4230-8F2C-C66542196493}"
EndProject
Project("{F184B08F-C81C-45F6-A57F-5ABD9991F28F}") = "MMA200R", "..\System9\MM\MMA200R\MMA200R.vbproj", "{472C044E-B918-4271-AF6A-C39B22765634}"
EndProject
Project("{F184B08F-C81C-45F6-A57F-5ABD9991F28F}") = "MMA200R2", "..\System9\MM\MMA200R2\MMA200R2.vbproj", "{BB6902E2-A240-48F5-A190-DE72F592E168}"
EndProject
Project("{F184B08F-C81C-45F6-A57F-5ABD9991F28F}") = "MMA200R3", "..\System9\MM\MMA200R3\MMA200R3.vbproj", "{6C09AAA0-5F63-424B-8794-B60974D3A40F}"
EndProject
Project("{F184B08F-C81C-45F6-A57F-5ABD9991F28F}") = "MMB100R3", "..\System9\MM\MMB100R3\MMB100R3.vbproj", "{7350DF69-2DC5-45EB-9F72-4AA49B3C53FE}"
EndProject
Project("{F184B08F-C81C-45F6-A57F-5ABD9991F28F}") = "MMB100R4", "..\System9\MM\MMB100R4\MMB100R4.vbproj", "{D3416A9B-B74C-48F9-A395-D43FAE17CD4D}"
EndProject
Project("{F184B08F-C81C-45F6-A57F-5ABD9991F28F}") = "MMA100", "..\System9\MM\MMA100\MMA100.vbproj", "{F6891AF5-838F-4993-8C0E-DD2829B1613C}"
EndProject
Project("{F184B08F-C81C-45F6-A57F-5ABD9991F28F}") = "MMR201", "..\System9\MM\MMR201\MMR201.vbproj", "{069451FF-CD23-4A46-8290-D086E49192A3}"
EndProject
Project("{F184B08F-C81C-45F6-A57F-5ABD9991F28F}") = "FAB116", "..\System9\FA\FAB116\FAB116.vbproj", "{76B71BA5-62C3-459E-A6D3-F05212AF9DC0}"
EndProject
Project("{F184B08F-C81C-45F6-A57F-5ABD9991F28F}") = "FAB101R", "..\System9\FA\FAB101R\FAB101R.vbproj", "{4826A65B-11B7-4395-BE68-97FA781B4B1D}"
EndProject
Project("{F184B08F-C81C-45F6-A57F-5ABD9991F28F}") = "FAB104", "..\System9\FA\FAB104\FAB104.vbproj", "{4E227546-66ED-4A34-9A9B-70517834D815}"
EndProject
Project("{F184B08F-C81C-45F6-A57F-5ABD9991F28F}") = "FAB101R20", "..\System9\FA\FAB101R20\FAB101R20.vbproj", "{E92D0A7A-56A4-473F-A836-09D01D7CA97F}"
EndProject
Project("{F184B08F-C81C-45F6-A57F-5ABD9991F28F}") = "FAW250", "..\System9\FA\FAW250\FAW250.vbproj", "{5586C2EA-AD56-4F39-A4C7-7E97A0E32883}"
EndProject
Project("{F184B08F-C81C-45F6-A57F-5ABD9991F28F}") = "FAW200", "..\System9\FA\FAW200\FAW200.vbproj", "{49245FA8-D27A-4B35-9E5F-0FD8A4415979}"
EndProject
Project("{F184B08F-C81C-45F6-A57F-5ABD9991F28F}") = "FAC840", "..\System9\FA\FAC840\FAC840.vbproj", "{0821CFE7-70B0-4F39-A71F-66D744229790}"
EndProject
Project("{F184B08F-C81C-45F6-A57F-5ABD9991F28F}") = "FAC810", "..\System9\FA\FAC810\FAC810.vbproj", "{B9331288-73FE-4C5E-AE19-F76B0BB848C9}"
EndProject
Project("{F184B08F-C81C-45F6-A57F-5ABD9991F28F}") = "FAC102R", "..\System9\FA\FAC102R\FAC102R.vbproj", "{8234FF8A-4675-49A3-A96D-D6B78D503DFC}"
EndProject
Project("{F184B08F-C81C-45F6-A57F-5ABD9991F28F}") = "PAY150_2019", "..\System9\PA\PAY150_2019\PAY150_2019.vbproj", "{52B4CEBA-7F15-4110-BEFC-3C275DA24618}"
EndProject
Project("{F184B08F-C81C-45F6-A57F-5ABD9991F28F}") = "SDA150R1", "..\System9\SD\SDA150R1\SDA150R1.vbproj", "{CD04DBC0-A81D-4700-AAE7-78F52A956F20}"
EndProject
Project("{F184B08F-C81C-45F6-A57F-5ABD9991F28F}") = "PAY152_2019", "..\System9\PA\PAY152_2019\PAY152_2019.vbproj", "{A42F42C1-F927-43D6-B5D9-62E8533ADF73}"
EndProject
Project("{2150E333-8FDC-42A3-9474-1A3956D46DE8}") = "GA", "GA", "{B2690A6C-6370-4EC6-8FFA-AA663A546092}"
EndProject
Project("{F184B08F-C81C-45F6-A57F-5ABD9991F28F}") = "GAM100", "..\System9\GA\GAM100\GAM100.vbproj", "{611C3518-2DFA-44B8-86D0-DD71457C3B6C}"
EndProject
Project("{2150E333-8FDC-42A3-9474-1A3956D46DE8}") = "CA", "CA", "{5BA8EF7F-03F4-4AB7-B0F9-194E2437C58B}"
EndProject
Project("{F184B08F-C81C-45F6-A57F-5ABD9991F28F}") = "CAW100", "..\System9\CA\CAW100\CAW100.vbproj", "{772E3E44-2423-44DE-87EE-AEFF4B44AB74}"
EndProject
Project("{F184B08F-C81C-45F6-A57F-5ABD9991F28F}") = "TEST250", "..\System9\TEST\TEST250\TEST250.vbproj", "{68783365-262C-44B6-B738-AFADA8B2BF19}"
EndProject
Project("{F184B08F-C81C-45F6-A57F-5ABD9991F28F}") = "LEA500", "..\System9\LE\LEA500\LEA500.vbproj", "{1B773E37-7D87-4A9D-AAF7-EF6AC9DB6EFE}"
EndProject
Project("{F184B08F-C81C-45F6-A57F-5ABD9991F28F}") = "SDD102", "..\System9\SD\SDD102\SDD102.vbproj", "{92F225B1-884E-403C-82F1-0A08FC16EB18}"
EndProject
Project("{F184B08F-C81C-45F6-A57F-5ABD9991F28F}") = "GAY100", "..\System9\GA\GAY100\GAY100.vbproj", "{8338EA75-692A-4552-B039-B47D9663FC4E}"
EndProject
Project("{F184B08F-C81C-45F6-A57F-5ABD9991F28F}") = "TEST04_ERP03", "..\System9\TEST\TEST04_ERP03\TEST04_ERP03.vbproj", "{0AA11E40-10EB-4DC8-8728-97DC79E0E51E}"
EndProject
Project("{F184B08F-C81C-45F6-A57F-5ABD9991F28F}") = "FAG802", "..\System9\FA\FAG802\FAG802.vbproj", "{F608676A-522F-4033-8C81-A777F81954DB}"
EndProject
Project("{F184B08F-C81C-45F6-A57F-5ABD9991F28F}") = "FAG800", "..\System9\FA\FAG800\FAG800.vbproj", "{9A86F149-5A6A-4D05-8095-B6E19E5F134E}"
EndProject
Project("{F184B08F-C81C-45F6-A57F-5ABD9991F28F}") = "SDD200", "..\System9\SD\SDD200\SDD200.vbproj", "{88541005-9962-44E6-A7A2-6678AC1A041B}"
EndProject
Project("{F184B08F-C81C-45F6-A57F-5ABD9991F28F}") = "PAY710", "..\System9\PA\PAY710\PAY710.vbproj", "{3DF24C70-5574-4D52-9E6A-0BB6AB6F23CC}"
EndProject
Project("{F184B08F-C81C-45F6-A57F-5ABD9991F28F}") = "PAY710R_1", "..\System9\PA\PAY710R_1\PAY710R_1.vbproj", "{90D15C5B-C611-4EEE-BED7-56A4F32DFA36}"
EndProject
Project("{F184B08F-C81C-45F6-A57F-5ABD9991F28F}") = "FAB120", "..\System9\FA\FAB120\FAB120.vbproj", "{BB52BE5E-BB6D-42AC-A187-EFF49959D03D}"
EndProject
Project("{F184B08F-C81C-45F6-A57F-5ABD9991F28F}") = "PAY710R_2", "..\System9\PA\PAY710R_2\PAY710R_2.vbproj", "{728B9CF5-1BFE-4410-BB78-29F3F797BA02}"
EndProject
Project("{F184B08F-C81C-45F6-A57F-5ABD9991F28F}") = "PAY710R_3", "..\System9\PA\PAY710R_3\PAY710R_3.vbproj", "{F2CA5433-A0A5-4F04-AD60-CAFDF57BC93C}"
EndProject
Project("{2150E333-8FDC-42A3-9474-1A3956D46DE8}") = "HR", "HR", "{0EE0AB22-0D33-4AA5-B10D-BB605FBDAD52}"
EndProject
Project("{F184B08F-C81C-45F6-A57F-5ABD9991F28F}") = "HRA202", "..\System9\HR\HRA202\HRA202.vbproj", "{F3BF504F-143D-466B-BF61-24E987A00EC9}"
EndProject
Project("{F184B08F-C81C-45F6-A57F-5ABD9991F28F}") = "GAR250", "..\System9\GA\GAR250\GAR250.vbproj", "{4B3AC9D0-6E32-4F5E-B41F-35387EA225C4}"
EndProject
Project("{F184B08F-C81C-45F6-A57F-5ABD9991F28F}") = "LEM125", "..\System9\LE\LEM125\LEM125.vbproj", "{807C1135-8FAE-41CA-8DBC-8527D8A1B68C}"
EndProject
Project("{F184B08F-C81C-45F6-A57F-5ABD9991F28F}") = "SDB100", "..\System9\SD\SDB100\SDB100.vbproj", "{A53D1F60-93E2-4517-B391-E9A6DECA103D}"
EndProject
Project("{F184B08F-C81C-45F6-A57F-5ABD9991F28F}") = "SDE110", "..\System9\SD\SDE110\SDE110.vbproj", "{4986CC3A-7113-4649-BF57-D9671FCDD9C3}"
EndProject
Project("{F184B08F-C81C-45F6-A57F-5ABD9991F28F}") = "SDB176", "..\System9\SD\SDB176\SDB176.vbproj", "{B5F8D905-1BF8-4394-A0BF-40F31ACE7A72}"
EndProject
Global
	GlobalSection(SolutionConfigurationPlatforms) = preSolution
		Debug|Any CPU = Debug|Any CPU
		Release|Any CPU = Release|Any CPU
	EndGlobalSection
	GlobalSection(ProjectConfigurationPlatforms) = postSolution
		{B0070A73-23C0-43B6-A394-59D6B4A60832}.Debug|Any CPU.ActiveCfg = Debug|Any CPU
		{B0070A73-23C0-43B6-A394-59D6B4A60832}.Debug|Any CPU.Build.0 = Debug|Any CPU
		{B0070A73-23C0-43B6-A394-59D6B4A60832}.Release|Any CPU.ActiveCfg = Release|Any CPU
		{B0070A73-23C0-43B6-A394-59D6B4A60832}.Release|Any CPU.Build.0 = Release|Any CPU
		{AB9EBEEF-FF48-4360-85AF-8ACA9404F819}.Debug|Any CPU.ActiveCfg = Debug|Any CPU
		{AB9EBEEF-FF48-4360-85AF-8ACA9404F819}.Debug|Any CPU.Build.0 = Debug|Any CPU
		{AB9EBEEF-FF48-4360-85AF-8ACA9404F819}.Release|Any CPU.ActiveCfg = Release|Any CPU
		{AB9EBEEF-FF48-4360-85AF-8ACA9404F819}.Release|Any CPU.Build.0 = Release|Any CPU
		{CF208466-FBC6-46A9-9F66-AC4B0B24B28A}.Debug|Any CPU.ActiveCfg = Debug|Any CPU
		{CF208466-FBC6-46A9-9F66-AC4B0B24B28A}.Debug|Any CPU.Build.0 = Debug|Any CPU
		{CF208466-FBC6-46A9-9F66-AC4B0B24B28A}.Release|Any CPU.ActiveCfg = Release|Any CPU
		{CF208466-FBC6-46A9-9F66-AC4B0B24B28A}.Release|Any CPU.Build.0 = Release|Any CPU
		{7A805FDD-1D39-4B8B-A7AA-94DEDD4BF4AF}.Debug|Any CPU.ActiveCfg = Debug|Any CPU
		{7A805FDD-1D39-4B8B-A7AA-94DEDD4BF4AF}.Debug|Any CPU.Build.0 = Debug|Any CPU
		{7A805FDD-1D39-4B8B-A7AA-94DEDD4BF4AF}.Release|Any CPU.ActiveCfg = Release|Any CPU
		{7A805FDD-1D39-4B8B-A7AA-94DEDD4BF4AF}.Release|Any CPU.Build.0 = Release|Any CPU
		{6C9362EF-9902-4465-8D31-23742AD205E6}.Debug|Any CPU.ActiveCfg = Debug|Any CPU
		{6C9362EF-9902-4465-8D31-23742AD205E6}.Debug|Any CPU.Build.0 = Debug|Any CPU
		{6C9362EF-9902-4465-8D31-23742AD205E6}.Release|Any CPU.ActiveCfg = Release|Any CPU
		{6C9362EF-9902-4465-8D31-23742AD205E6}.Release|Any CPU.Build.0 = Release|Any CPU
		{CF32FEE7-690D-4F6B-AB82-5D0A065184FD}.Debug|Any CPU.ActiveCfg = Debug|Any CPU
		{CF32FEE7-690D-4F6B-AB82-5D0A065184FD}.Debug|Any CPU.Build.0 = Debug|Any CPU
		{CF32FEE7-690D-4F6B-AB82-5D0A065184FD}.Release|Any CPU.ActiveCfg = Release|Any CPU
		{CF32FEE7-690D-4F6B-AB82-5D0A065184FD}.Release|Any CPU.Build.0 = Release|Any CPU
		{3E9D9934-306E-4A46-A144-183B2B8EE6B0}.Debug|Any CPU.ActiveCfg = Debug|Any CPU
		{3E9D9934-306E-4A46-A144-183B2B8EE6B0}.Debug|Any CPU.Build.0 = Debug|Any CPU
		{3E9D9934-306E-4A46-A144-183B2B8EE6B0}.Release|Any CPU.ActiveCfg = Release|Any CPU
		{3E9D9934-306E-4A46-A144-183B2B8EE6B0}.Release|Any CPU.Build.0 = Release|Any CPU
		{FA727F78-BAB6-4B2F-8CCD-CD0955317CFF}.Debug|Any CPU.ActiveCfg = Debug|Any CPU
		{FA727F78-BAB6-4B2F-8CCD-CD0955317CFF}.Debug|Any CPU.Build.0 = Debug|Any CPU
		{FA727F78-BAB6-4B2F-8CCD-CD0955317CFF}.Release|Any CPU.ActiveCfg = Release|Any CPU
		{FA727F78-BAB6-4B2F-8CCD-CD0955317CFF}.Release|Any CPU.Build.0 = Release|Any CPU
		{1D9B28C4-8B12-46BA-9A0B-F4405092B42A}.Debug|Any CPU.ActiveCfg = Debug|Any CPU
		{1D9B28C4-8B12-46BA-9A0B-F4405092B42A}.Debug|Any CPU.Build.0 = Debug|Any CPU
		{1D9B28C4-8B12-46BA-9A0B-F4405092B42A}.Release|Any CPU.ActiveCfg = Release|Any CPU
		{1D9B28C4-8B12-46BA-9A0B-F4405092B42A}.Release|Any CPU.Build.0 = Release|Any CPU
		{1C58EABB-D11B-4A7C-9721-6EE8A2B5F2C9}.Debug|Any CPU.ActiveCfg = Debug|Any CPU
		{1C58EABB-D11B-4A7C-9721-6EE8A2B5F2C9}.Debug|Any CPU.Build.0 = Debug|Any CPU
		{1C58EABB-D11B-4A7C-9721-6EE8A2B5F2C9}.Release|Any CPU.ActiveCfg = Release|Any CPU
		{1C58EABB-D11B-4A7C-9721-6EE8A2B5F2C9}.Release|Any CPU.Build.0 = Release|Any CPU
		{EF09F59A-6045-450C-9EAB-96647F141918}.Debug|Any CPU.ActiveCfg = Debug|Any CPU
		{EF09F59A-6045-450C-9EAB-96647F141918}.Debug|Any CPU.Build.0 = Debug|Any CPU
		{EF09F59A-6045-450C-9EAB-96647F141918}.Release|Any CPU.ActiveCfg = Release|Any CPU
		{EF09F59A-6045-450C-9EAB-96647F141918}.Release|Any CPU.Build.0 = Release|Any CPU
		{96EB0114-78BA-4BCE-BC30-C651E6403AE5}.Debug|Any CPU.ActiveCfg = Debug|Any CPU
		{96EB0114-78BA-4BCE-BC30-C651E6403AE5}.Debug|Any CPU.Build.0 = Debug|Any CPU
		{96EB0114-78BA-4BCE-BC30-C651E6403AE5}.Release|Any CPU.ActiveCfg = Release|Any CPU
		{96EB0114-78BA-4BCE-BC30-C651E6403AE5}.Release|Any CPU.Build.0 = Release|Any CPU
		{198F0E7B-4F13-4F38-BC87-2E1FEE5ED128}.Debug|Any CPU.ActiveCfg = Debug|Any CPU
		{198F0E7B-4F13-4F38-BC87-2E1FEE5ED128}.Debug|Any CPU.Build.0 = Debug|Any CPU
		{198F0E7B-4F13-4F38-BC87-2E1FEE5ED128}.Release|Any CPU.ActiveCfg = Release|Any CPU
		{198F0E7B-4F13-4F38-BC87-2E1FEE5ED128}.Release|Any CPU.Build.0 = Release|Any CPU
		{12AB5C20-F998-4A46-B345-D7F181DFB536}.Debug|Any CPU.ActiveCfg = Debug|Any CPU
		{12AB5C20-F998-4A46-B345-D7F181DFB536}.Debug|Any CPU.Build.0 = Debug|Any CPU
		{12AB5C20-F998-4A46-B345-D7F181DFB536}.Release|Any CPU.ActiveCfg = Release|Any CPU
		{12AB5C20-F998-4A46-B345-D7F181DFB536}.Release|Any CPU.Build.0 = Release|Any CPU
		{BD6B8372-9C1A-4C09-93D5-0E08323396CF}.Debug|Any CPU.ActiveCfg = Debug|Any CPU
		{BD6B8372-9C1A-4C09-93D5-0E08323396CF}.Debug|Any CPU.Build.0 = Debug|Any CPU
		{BD6B8372-9C1A-4C09-93D5-0E08323396CF}.Release|Any CPU.ActiveCfg = Release|Any CPU
		{BD6B8372-9C1A-4C09-93D5-0E08323396CF}.Release|Any CPU.Build.0 = Release|Any CPU
		{FCBE6D11-63E0-4130-92D0-21DE5788A1BC}.Debug|Any CPU.ActiveCfg = Debug|Any CPU
		{FCBE6D11-63E0-4130-92D0-21DE5788A1BC}.Debug|Any CPU.Build.0 = Debug|Any CPU
		{FCBE6D11-63E0-4130-92D0-21DE5788A1BC}.Release|Any CPU.ActiveCfg = Release|Any CPU
		{FCBE6D11-63E0-4130-92D0-21DE5788A1BC}.Release|Any CPU.Build.0 = Release|Any CPU
		{7F52FE00-F9B5-456C-B130-3FB575852343}.Debug|Any CPU.ActiveCfg = Debug|Any CPU
		{7F52FE00-F9B5-456C-B130-3FB575852343}.Debug|Any CPU.Build.0 = Debug|Any CPU
		{7F52FE00-F9B5-456C-B130-3FB575852343}.Release|Any CPU.ActiveCfg = Release|Any CPU
		{7F52FE00-F9B5-456C-B130-3FB575852343}.Release|Any CPU.Build.0 = Release|Any CPU
		{AB64EAEB-50AB-444E-B35F-E5DA1865FA9E}.Debug|Any CPU.ActiveCfg = Debug|Any CPU
		{AB64EAEB-50AB-444E-B35F-E5DA1865FA9E}.Debug|Any CPU.Build.0 = Debug|Any CPU
		{AB64EAEB-50AB-444E-B35F-E5DA1865FA9E}.Release|Any CPU.ActiveCfg = Release|Any CPU
		{AB64EAEB-50AB-444E-B35F-E5DA1865FA9E}.Release|Any CPU.Build.0 = Release|Any CPU
		{98F595ED-0B4B-4BA6-8D22-957CD063854A}.Debug|Any CPU.ActiveCfg = Debug|Any CPU
		{98F595ED-0B4B-4BA6-8D22-957CD063854A}.Debug|Any CPU.Build.0 = Debug|Any CPU
		{98F595ED-0B4B-4BA6-8D22-957CD063854A}.Release|Any CPU.ActiveCfg = Release|Any CPU
		{98F595ED-0B4B-4BA6-8D22-957CD063854A}.Release|Any CPU.Build.0 = Release|Any CPU
		{2B70C674-DF05-4230-8F2C-C66542196493}.Debug|Any CPU.ActiveCfg = Debug|Any CPU
		{2B70C674-DF05-4230-8F2C-C66542196493}.Debug|Any CPU.Build.0 = Debug|Any CPU
		{2B70C674-DF05-4230-8F2C-C66542196493}.Release|Any CPU.ActiveCfg = Release|Any CPU
		{2B70C674-DF05-4230-8F2C-C66542196493}.Release|Any CPU.Build.0 = Release|Any CPU
		{472C044E-B918-4271-AF6A-C39B22765634}.Debug|Any CPU.ActiveCfg = Debug|Any CPU
		{472C044E-B918-4271-AF6A-C39B22765634}.Debug|Any CPU.Build.0 = Debug|Any CPU
		{472C044E-B918-4271-AF6A-C39B22765634}.Release|Any CPU.ActiveCfg = Release|Any CPU
		{472C044E-B918-4271-AF6A-C39B22765634}.Release|Any CPU.Build.0 = Release|Any CPU
		{BB6902E2-A240-48F5-A190-DE72F592E168}.Debug|Any CPU.ActiveCfg = Debug|Any CPU
		{BB6902E2-A240-48F5-A190-DE72F592E168}.Debug|Any CPU.Build.0 = Debug|Any CPU
		{BB6902E2-A240-48F5-A190-DE72F592E168}.Release|Any CPU.ActiveCfg = Release|Any CPU
		{BB6902E2-A240-48F5-A190-DE72F592E168}.Release|Any CPU.Build.0 = Release|Any CPU
		{6C09AAA0-5F63-424B-8794-B60974D3A40F}.Debug|Any CPU.ActiveCfg = Debug|Any CPU
		{6C09AAA0-5F63-424B-8794-B60974D3A40F}.Debug|Any CPU.Build.0 = Debug|Any CPU
		{6C09AAA0-5F63-424B-8794-B60974D3A40F}.Release|Any CPU.ActiveCfg = Release|Any CPU
		{6C09AAA0-5F63-424B-8794-B60974D3A40F}.Release|Any CPU.Build.0 = Release|Any CPU
		{7350DF69-2DC5-45EB-9F72-4AA49B3C53FE}.Debug|Any CPU.ActiveCfg = Debug|Any CPU
		{7350DF69-2DC5-45EB-9F72-4AA49B3C53FE}.Debug|Any CPU.Build.0 = Debug|Any CPU
		{7350DF69-2DC5-45EB-9F72-4AA49B3C53FE}.Release|Any CPU.ActiveCfg = Release|Any CPU
		{7350DF69-2DC5-45EB-9F72-4AA49B3C53FE}.Release|Any CPU.Build.0 = Release|Any CPU
		{D3416A9B-B74C-48F9-A395-D43FAE17CD4D}.Debug|Any CPU.ActiveCfg = Debug|Any CPU
		{D3416A9B-B74C-48F9-A395-D43FAE17CD4D}.Debug|Any CPU.Build.0 = Debug|Any CPU
		{D3416A9B-B74C-48F9-A395-D43FAE17CD4D}.Release|Any CPU.ActiveCfg = Release|Any CPU
		{D3416A9B-B74C-48F9-A395-D43FAE17CD4D}.Release|Any CPU.Build.0 = Release|Any CPU
		{F6891AF5-838F-4993-8C0E-DD2829B1613C}.Debug|Any CPU.ActiveCfg = Debug|Any CPU
		{F6891AF5-838F-4993-8C0E-DD2829B1613C}.Debug|Any CPU.Build.0 = Debug|Any CPU
		{F6891AF5-838F-4993-8C0E-DD2829B1613C}.Release|Any CPU.ActiveCfg = Release|Any CPU
		{F6891AF5-838F-4993-8C0E-DD2829B1613C}.Release|Any CPU.Build.0 = Release|Any CPU
		{069451FF-CD23-4A46-8290-D086E49192A3}.Debug|Any CPU.ActiveCfg = Debug|Any CPU
		{069451FF-CD23-4A46-8290-D086E49192A3}.Debug|Any CPU.Build.0 = Debug|Any CPU
		{069451FF-CD23-4A46-8290-D086E49192A3}.Release|Any CPU.ActiveCfg = Release|Any CPU
		{069451FF-CD23-4A46-8290-D086E49192A3}.Release|Any CPU.Build.0 = Release|Any CPU
		{76B71BA5-62C3-459E-A6D3-F05212AF9DC0}.Debug|Any CPU.ActiveCfg = Debug|Any CPU
		{76B71BA5-62C3-459E-A6D3-F05212AF9DC0}.Debug|Any CPU.Build.0 = Debug|Any CPU
		{76B71BA5-62C3-459E-A6D3-F05212AF9DC0}.Release|Any CPU.ActiveCfg = Release|Any CPU
		{76B71BA5-62C3-459E-A6D3-F05212AF9DC0}.Release|Any CPU.Build.0 = Release|Any CPU
		{4826A65B-11B7-4395-BE68-97FA781B4B1D}.Debug|Any CPU.ActiveCfg = Debug|Any CPU
		{4826A65B-11B7-4395-BE68-97FA781B4B1D}.Debug|Any CPU.Build.0 = Debug|Any CPU
		{4826A65B-11B7-4395-BE68-97FA781B4B1D}.Release|Any CPU.ActiveCfg = Release|Any CPU
		{4826A65B-11B7-4395-BE68-97FA781B4B1D}.Release|Any CPU.Build.0 = Release|Any CPU
		{4E227546-66ED-4A34-9A9B-70517834D815}.Debug|Any CPU.ActiveCfg = Debug|Any CPU
		{4E227546-66ED-4A34-9A9B-70517834D815}.Debug|Any CPU.Build.0 = Debug|Any CPU
		{4E227546-66ED-4A34-9A9B-70517834D815}.Release|Any CPU.ActiveCfg = Release|Any CPU
		{4E227546-66ED-4A34-9A9B-70517834D815}.Release|Any CPU.Build.0 = Release|Any CPU
		{E92D0A7A-56A4-473F-A836-09D01D7CA97F}.Debug|Any CPU.ActiveCfg = Debug|Any CPU
		{E92D0A7A-56A4-473F-A836-09D01D7CA97F}.Debug|Any CPU.Build.0 = Debug|Any CPU
		{E92D0A7A-56A4-473F-A836-09D01D7CA97F}.Release|Any CPU.ActiveCfg = Release|Any CPU
		{E92D0A7A-56A4-473F-A836-09D01D7CA97F}.Release|Any CPU.Build.0 = Release|Any CPU
		{5586C2EA-AD56-4F39-A4C7-7E97A0E32883}.Debug|Any CPU.ActiveCfg = Debug|Any CPU
		{5586C2EA-AD56-4F39-A4C7-7E97A0E32883}.Debug|Any CPU.Build.0 = Debug|Any CPU
		{5586C2EA-AD56-4F39-A4C7-7E97A0E32883}.Release|Any CPU.ActiveCfg = Release|Any CPU
		{5586C2EA-AD56-4F39-A4C7-7E97A0E32883}.Release|Any CPU.Build.0 = Release|Any CPU
		{49245FA8-D27A-4B35-9E5F-0FD8A4415979}.Debug|Any CPU.ActiveCfg = Debug|Any CPU
		{49245FA8-D27A-4B35-9E5F-0FD8A4415979}.Debug|Any CPU.Build.0 = Debug|Any CPU
		{49245FA8-D27A-4B35-9E5F-0FD8A4415979}.Release|Any CPU.ActiveCfg = Release|Any CPU
		{49245FA8-D27A-4B35-9E5F-0FD8A4415979}.Release|Any CPU.Build.0 = Release|Any CPU
		{0821CFE7-70B0-4F39-A71F-66D744229790}.Debug|Any CPU.ActiveCfg = Debug|Any CPU
		{0821CFE7-70B0-4F39-A71F-66D744229790}.Debug|Any CPU.Build.0 = Debug|Any CPU
		{0821CFE7-70B0-4F39-A71F-66D744229790}.Release|Any CPU.ActiveCfg = Release|Any CPU
		{0821CFE7-70B0-4F39-A71F-66D744229790}.Release|Any CPU.Build.0 = Release|Any CPU
		{B9331288-73FE-4C5E-AE19-F76B0BB848C9}.Debug|Any CPU.ActiveCfg = Debug|Any CPU
		{B9331288-73FE-4C5E-AE19-F76B0BB848C9}.Debug|Any CPU.Build.0 = Debug|Any CPU
		{B9331288-73FE-4C5E-AE19-F76B0BB848C9}.Release|Any CPU.ActiveCfg = Release|Any CPU
		{B9331288-73FE-4C5E-AE19-F76B0BB848C9}.Release|Any CPU.Build.0 = Release|Any CPU
		{8234FF8A-4675-49A3-A96D-D6B78D503DFC}.Debug|Any CPU.ActiveCfg = Debug|Any CPU
		{8234FF8A-4675-49A3-A96D-D6B78D503DFC}.Debug|Any CPU.Build.0 = Debug|Any CPU
		{8234FF8A-4675-49A3-A96D-D6B78D503DFC}.Release|Any CPU.ActiveCfg = Release|Any CPU
		{8234FF8A-4675-49A3-A96D-D6B78D503DFC}.Release|Any CPU.Build.0 = Release|Any CPU
		{52B4CEBA-7F15-4110-BEFC-3C275DA24618}.Debug|Any CPU.ActiveCfg = Debug|Any CPU
		{52B4CEBA-7F15-4110-BEFC-3C275DA24618}.Debug|Any CPU.Build.0 = Debug|Any CPU
		{52B4CEBA-7F15-4110-BEFC-3C275DA24618}.Release|Any CPU.ActiveCfg = Release|Any CPU
		{52B4CEBA-7F15-4110-BEFC-3C275DA24618}.Release|Any CPU.Build.0 = Release|Any CPU
		{CD04DBC0-A81D-4700-AAE7-78F52A956F20}.Debug|Any CPU.ActiveCfg = Debug|Any CPU
		{CD04DBC0-A81D-4700-AAE7-78F52A956F20}.Debug|Any CPU.Build.0 = Debug|Any CPU
		{CD04DBC0-A81D-4700-AAE7-78F52A956F20}.Release|Any CPU.ActiveCfg = Release|Any CPU
		{CD04DBC0-A81D-4700-AAE7-78F52A956F20}.Release|Any CPU.Build.0 = Release|Any CPU
		{A42F42C1-F927-43D6-B5D9-62E8533ADF73}.Debug|Any CPU.ActiveCfg = Debug|Any CPU
		{A42F42C1-F927-43D6-B5D9-62E8533ADF73}.Debug|Any CPU.Build.0 = Debug|Any CPU
		{A42F42C1-F927-43D6-B5D9-62E8533ADF73}.Release|Any CPU.ActiveCfg = Release|Any CPU
		{A42F42C1-F927-43D6-B5D9-62E8533ADF73}.Release|Any CPU.Build.0 = Release|Any CPU
		{611C3518-2DFA-44B8-86D0-DD71457C3B6C}.Debug|Any CPU.ActiveCfg = Debug|Any CPU
		{611C3518-2DFA-44B8-86D0-DD71457C3B6C}.Debug|Any CPU.Build.0 = Debug|Any CPU
		{611C3518-2DFA-44B8-86D0-DD71457C3B6C}.Release|Any CPU.ActiveCfg = Release|Any CPU
		{611C3518-2DFA-44B8-86D0-DD71457C3B6C}.Release|Any CPU.Build.0 = Release|Any CPU
		{772E3E44-2423-44DE-87EE-AEFF4B44AB74}.Debug|Any CPU.ActiveCfg = Debug|Any CPU
		{772E3E44-2423-44DE-87EE-AEFF4B44AB74}.Debug|Any CPU.Build.0 = Debug|Any CPU
		{772E3E44-2423-44DE-87EE-AEFF4B44AB74}.Release|Any CPU.ActiveCfg = Release|Any CPU
		{772E3E44-2423-44DE-87EE-AEFF4B44AB74}.Release|Any CPU.Build.0 = Release|Any CPU
		{68783365-262C-44B6-B738-AFADA8B2BF19}.Debug|Any CPU.ActiveCfg = Debug|Any CPU
		{68783365-262C-44B6-B738-AFADA8B2BF19}.Debug|Any CPU.Build.0 = Debug|Any CPU
		{68783365-262C-44B6-B738-AFADA8B2BF19}.Release|Any CPU.ActiveCfg = Release|Any CPU
		{68783365-262C-44B6-B738-AFADA8B2BF19}.Release|Any CPU.Build.0 = Release|Any CPU
		{1B773E37-7D87-4A9D-AAF7-EF6AC9DB6EFE}.Debug|Any CPU.ActiveCfg = Debug|Any CPU
		{1B773E37-7D87-4A9D-AAF7-EF6AC9DB6EFE}.Debug|Any CPU.Build.0 = Debug|Any CPU
		{1B773E37-7D87-4A9D-AAF7-EF6AC9DB6EFE}.Release|Any CPU.ActiveCfg = Release|Any CPU
		{1B773E37-7D87-4A9D-AAF7-EF6AC9DB6EFE}.Release|Any CPU.Build.0 = Release|Any CPU
		{92F225B1-884E-403C-82F1-0A08FC16EB18}.Debug|Any CPU.ActiveCfg = Debug|Any CPU
		{92F225B1-884E-403C-82F1-0A08FC16EB18}.Debug|Any CPU.Build.0 = Debug|Any CPU
		{92F225B1-884E-403C-82F1-0A08FC16EB18}.Release|Any CPU.ActiveCfg = Release|Any CPU
		{92F225B1-884E-403C-82F1-0A08FC16EB18}.Release|Any CPU.Build.0 = Release|Any CPU
		{8338EA75-692A-4552-B039-B47D9663FC4E}.Debug|Any CPU.ActiveCfg = Debug|Any CPU
		{8338EA75-692A-4552-B039-B47D9663FC4E}.Debug|Any CPU.Build.0 = Debug|Any CPU
		{8338EA75-692A-4552-B039-B47D9663FC4E}.Release|Any CPU.ActiveCfg = Release|Any CPU
		{8338EA75-692A-4552-B039-B47D9663FC4E}.Release|Any CPU.Build.0 = Release|Any CPU
		{0AA11E40-10EB-4DC8-8728-97DC79E0E51E}.Debug|Any CPU.ActiveCfg = Debug|Any CPU
		{0AA11E40-10EB-4DC8-8728-97DC79E0E51E}.Debug|Any CPU.Build.0 = Debug|Any CPU
		{0AA11E40-10EB-4DC8-8728-97DC79E0E51E}.Release|Any CPU.ActiveCfg = Release|Any CPU
		{0AA11E40-10EB-4DC8-8728-97DC79E0E51E}.Release|Any CPU.Build.0 = Release|Any CPU
		{F608676A-522F-4033-8C81-A777F81954DB}.Debug|Any CPU.ActiveCfg = Debug|Any CPU
		{F608676A-522F-4033-8C81-A777F81954DB}.Debug|Any CPU.Build.0 = Debug|Any CPU
		{F608676A-522F-4033-8C81-A777F81954DB}.Release|Any CPU.ActiveCfg = Release|Any CPU
		{F608676A-522F-4033-8C81-A777F81954DB}.Release|Any CPU.Build.0 = Release|Any CPU
		{9A86F149-5A6A-4D05-8095-B6E19E5F134E}.Debug|Any CPU.ActiveCfg = Debug|Any CPU
		{9A86F149-5A6A-4D05-8095-B6E19E5F134E}.Debug|Any CPU.Build.0 = Debug|Any CPU
		{9A86F149-5A6A-4D05-8095-B6E19E5F134E}.Release|Any CPU.ActiveCfg = Release|Any CPU
		{9A86F149-5A6A-4D05-8095-B6E19E5F134E}.Release|Any CPU.Build.0 = Release|Any CPU
		{88541005-9962-44E6-A7A2-6678AC1A041B}.Debug|Any CPU.ActiveCfg = Debug|Any CPU
		{88541005-9962-44E6-A7A2-6678AC1A041B}.Debug|Any CPU.Build.0 = Debug|Any CPU
		{88541005-9962-44E6-A7A2-6678AC1A041B}.Release|Any CPU.ActiveCfg = Release|Any CPU
		{88541005-9962-44E6-A7A2-6678AC1A041B}.Release|Any CPU.Build.0 = Release|Any CPU
		{3DF24C70-5574-4D52-9E6A-0BB6AB6F23CC}.Debug|Any CPU.ActiveCfg = Debug|Any CPU
		{3DF24C70-5574-4D52-9E6A-0BB6AB6F23CC}.Debug|Any CPU.Build.0 = Debug|Any CPU
		{3DF24C70-5574-4D52-9E6A-0BB6AB6F23CC}.Release|Any CPU.ActiveCfg = Release|Any CPU
		{3DF24C70-5574-4D52-9E6A-0BB6AB6F23CC}.Release|Any CPU.Build.0 = Release|Any CPU
		{90D15C5B-C611-4EEE-BED7-56A4F32DFA36}.Debug|Any CPU.ActiveCfg = Debug|Any CPU
		{90D15C5B-C611-4EEE-BED7-56A4F32DFA36}.Debug|Any CPU.Build.0 = Debug|Any CPU
		{90D15C5B-C611-4EEE-BED7-56A4F32DFA36}.Release|Any CPU.ActiveCfg = Release|Any CPU
		{90D15C5B-C611-4EEE-BED7-56A4F32DFA36}.Release|Any CPU.Build.0 = Release|Any CPU
		{BB52BE5E-BB6D-42AC-A187-EFF49959D03D}.Debug|Any CPU.ActiveCfg = Debug|Any CPU
		{BB52BE5E-BB6D-42AC-A187-EFF49959D03D}.Debug|Any CPU.Build.0 = Debug|Any CPU
		{BB52BE5E-BB6D-42AC-A187-EFF49959D03D}.Release|Any CPU.ActiveCfg = Release|Any CPU
		{BB52BE5E-BB6D-42AC-A187-EFF49959D03D}.Release|Any CPU.Build.0 = Release|Any CPU
		{728B9CF5-1BFE-4410-BB78-29F3F797BA02}.Debug|Any CPU.ActiveCfg = Debug|Any CPU
		{728B9CF5-1BFE-4410-BB78-29F3F797BA02}.Debug|Any CPU.Build.0 = Debug|Any CPU
		{728B9CF5-1BFE-4410-BB78-29F3F797BA02}.Release|Any CPU.ActiveCfg = Release|Any CPU
		{728B9CF5-1BFE-4410-BB78-29F3F797BA02}.Release|Any CPU.Build.0 = Release|Any CPU
		{F2CA5433-A0A5-4F04-AD60-CAFDF57BC93C}.Debug|Any CPU.ActiveCfg = Debug|Any CPU
		{F2CA5433-A0A5-4F04-AD60-CAFDF57BC93C}.Debug|Any CPU.Build.0 = Debug|Any CPU
		{F2CA5433-A0A5-4F04-AD60-CAFDF57BC93C}.Release|Any CPU.ActiveCfg = Release|Any CPU
		{F2CA5433-A0A5-4F04-AD60-CAFDF57BC93C}.Release|Any CPU.Build.0 = Release|Any CPU
		{F3BF504F-143D-466B-BF61-24E987A00EC9}.Debug|Any CPU.ActiveCfg = Debug|Any CPU
		{F3BF504F-143D-466B-BF61-24E987A00EC9}.Debug|Any CPU.Build.0 = Debug|Any CPU
		{F3BF504F-143D-466B-BF61-24E987A00EC9}.Release|Any CPU.ActiveCfg = Release|Any CPU
		{F3BF504F-143D-466B-BF61-24E987A00EC9}.Release|Any CPU.Build.0 = Release|Any CPU
		{4B3AC9D0-6E32-4F5E-B41F-35387EA225C4}.Debug|Any CPU.ActiveCfg = Debug|Any CPU
		{4B3AC9D0-6E32-4F5E-B41F-35387EA225C4}.Debug|Any CPU.Build.0 = Debug|Any CPU
		{4B3AC9D0-6E32-4F5E-B41F-35387EA225C4}.Release|Any CPU.ActiveCfg = Release|Any CPU
		{4B3AC9D0-6E32-4F5E-B41F-35387EA225C4}.Release|Any CPU.Build.0 = Release|Any CPU
		{807C1135-8FAE-41CA-8DBC-8527D8A1B68C}.Debug|Any CPU.ActiveCfg = Debug|Any CPU
		{807C1135-8FAE-41CA-8DBC-8527D8A1B68C}.Debug|Any CPU.Build.0 = Debug|Any CPU
		{807C1135-8FAE-41CA-8DBC-8527D8A1B68C}.Release|Any CPU.ActiveCfg = Release|Any CPU
		{807C1135-8FAE-41CA-8DBC-8527D8A1B68C}.Release|Any CPU.Build.0 = Release|Any CPU
		{A53D1F60-93E2-4517-B391-E9A6DECA103D}.Debug|Any CPU.ActiveCfg = Debug|Any CPU
		{A53D1F60-93E2-4517-B391-E9A6DECA103D}.Debug|Any CPU.Build.0 = Debug|Any CPU
		{A53D1F60-93E2-4517-B391-E9A6DECA103D}.Release|Any CPU.ActiveCfg = Release|Any CPU
		{A53D1F60-93E2-4517-B391-E9A6DECA103D}.Release|Any CPU.Build.0 = Release|Any CPU
		{4986CC3A-7113-4649-BF57-D9671FCDD9C3}.Debug|Any CPU.ActiveCfg = Debug|Any CPU
		{4986CC3A-7113-4649-BF57-D9671FCDD9C3}.Debug|Any CPU.Build.0 = Debug|Any CPU
		{4986CC3A-7113-4649-BF57-D9671FCDD9C3}.Release|Any CPU.ActiveCfg = Release|Any CPU
		{4986CC3A-7113-4649-BF57-D9671FCDD9C3}.Release|Any CPU.Build.0 = Release|Any CPU
		{B5F8D905-1BF8-4394-A0BF-40F31ACE7A72}.Debug|Any CPU.ActiveCfg = Debug|Any CPU
		{B5F8D905-1BF8-4394-A0BF-40F31ACE7A72}.Debug|Any CPU.Build.0 = Debug|Any CPU
		{B5F8D905-1BF8-4394-A0BF-40F31ACE7A72}.Release|Any CPU.ActiveCfg = Release|Any CPU
		{B5F8D905-1BF8-4394-A0BF-40F31ACE7A72}.Release|Any CPU.Build.0 = Release|Any CPU
	EndGlobalSection
	GlobalSection(SolutionProperties) = preSolution
		HideSolutionNode = FALSE
	EndGlobalSection
	GlobalSection(NestedProjects) = preSolution
		{AB9EBEEF-FF48-4360-85AF-8ACA9404F819} = {E73BAF17-BB70-4F31-9A54-E7C5E3BD0F41}
		{CF208466-FBC6-46A9-9F66-AC4B0B24B28A} = {E73BAF17-BB70-4F31-9A54-E7C5E3BD0F41}
		{7A805FDD-1D39-4B8B-A7AA-94DEDD4BF4AF} = {E73BAF17-BB70-4F31-9A54-E7C5E3BD0F41}
		{6C9362EF-9902-4465-8D31-23742AD205E6} = {E73BAF17-BB70-4F31-9A54-E7C5E3BD0F41}
		{CF32FEE7-690D-4F6B-AB82-5D0A065184FD} = {E73BAF17-BB70-4F31-9A54-E7C5E3BD0F41}
		{3E9D9934-306E-4A46-A144-183B2B8EE6B0} = {F274EBDD-A098-42E8-AF4A-DA98997D2852}
		{FA727F78-BAB6-4B2F-8CCD-CD0955317CFF} = {FCB82C23-E256-4442-9241-31D6449E18CA}
		{1D9B28C4-8B12-46BA-9A0B-F4405092B42A} = {F274EBDD-A098-42E8-AF4A-DA98997D2852}
		{1C58EABB-D11B-4A7C-9721-6EE8A2B5F2C9} = {F274EBDD-A098-42E8-AF4A-DA98997D2852}
		{EF09F59A-6045-450C-9EAB-96647F141918} = {FCB82C23-E256-4442-9241-31D6449E18CA}
		{96EB0114-78BA-4BCE-BC30-C651E6403AE5} = {FCB82C23-E256-4442-9241-31D6449E18CA}
		{198F0E7B-4F13-4F38-BC87-2E1FEE5ED128} = {F93C05EB-212F-4963-B4CC-2F92CD12F00D}
		{12AB5C20-F998-4A46-B345-D7F181DFB536} = {F93C05EB-212F-4963-B4CC-2F92CD12F00D}
		{BD6B8372-9C1A-4C09-93D5-0E08323396CF} = {F93C05EB-212F-4963-B4CC-2F92CD12F00D}
		{FCBE6D11-63E0-4130-92D0-21DE5788A1BC} = {B35FC23D-8505-41D7-844C-9E6D4CE53EC7}
		{7F52FE00-F9B5-456C-B130-3FB575852343} = {B35FC23D-8505-41D7-844C-9E6D4CE53EC7}
		{AB64EAEB-50AB-444E-B35F-E5DA1865FA9E} = {B35FC23D-8505-41D7-844C-9E6D4CE53EC7}
		{98F595ED-0B4B-4BA6-8D22-957CD063854A} = {B35FC23D-8505-41D7-844C-9E6D4CE53EC7}
		{2B70C674-DF05-4230-8F2C-C66542196493} = {169E7A1B-063E-42FB-8D6D-72EAE1B88F2F}
		{472C044E-B918-4271-AF6A-C39B22765634} = {F274EBDD-A098-42E8-AF4A-DA98997D2852}
		{BB6902E2-A240-48F5-A190-DE72F592E168} = {F274EBDD-A098-42E8-AF4A-DA98997D2852}
		{6C09AAA0-5F63-424B-8794-B60974D3A40F} = {F274EBDD-A098-42E8-AF4A-DA98997D2852}
		{7350DF69-2DC5-45EB-9F72-4AA49B3C53FE} = {F274EBDD-A098-42E8-AF4A-DA98997D2852}
		{D3416A9B-B74C-48F9-A395-D43FAE17CD4D} = {F274EBDD-A098-42E8-AF4A-DA98997D2852}
		{F6891AF5-838F-4993-8C0E-DD2829B1613C} = {F274EBDD-A098-42E8-AF4A-DA98997D2852}
		{069451FF-CD23-4A46-8290-D086E49192A3} = {F274EBDD-A098-42E8-AF4A-DA98997D2852}
		{76B71BA5-62C3-459E-A6D3-F05212AF9DC0} = {169E7A1B-063E-42FB-8D6D-72EAE1B88F2F}
		{4826A65B-11B7-4395-BE68-97FA781B4B1D} = {169E7A1B-063E-42FB-8D6D-72EAE1B88F2F}
		{4E227546-66ED-4A34-9A9B-70517834D815} = {169E7A1B-063E-42FB-8D6D-72EAE1B88F2F}
		{E92D0A7A-56A4-473F-A836-09D01D7CA97F} = {169E7A1B-063E-42FB-8D6D-72EAE1B88F2F}
		{5586C2EA-AD56-4F39-A4C7-7E97A0E32883} = {169E7A1B-063E-42FB-8D6D-72EAE1B88F2F}
		{49245FA8-D27A-4B35-9E5F-0FD8A4415979} = {169E7A1B-063E-42FB-8D6D-72EAE1B88F2F}
		{0821CFE7-70B0-4F39-A71F-66D744229790} = {169E7A1B-063E-42FB-8D6D-72EAE1B88F2F}
		{B9331288-73FE-4C5E-AE19-F76B0BB848C9} = {169E7A1B-063E-42FB-8D6D-72EAE1B88F2F}
		{8234FF8A-4675-49A3-A96D-D6B78D503DFC} = {169E7A1B-063E-42FB-8D6D-72EAE1B88F2F}
		{52B4CEBA-7F15-4110-BEFC-3C275DA24618} = {B35FC23D-8505-41D7-844C-9E6D4CE53EC7}
		{CD04DBC0-A81D-4700-AAE7-78F52A956F20} = {FCB82C23-E256-4442-9241-31D6449E18CA}
		{A42F42C1-F927-43D6-B5D9-62E8533ADF73} = {B35FC23D-8505-41D7-844C-9E6D4CE53EC7}
		{611C3518-2DFA-44B8-86D0-DD71457C3B6C} = {B2690A6C-6370-4EC6-8FFA-AA663A546092}
		{772E3E44-2423-44DE-87EE-AEFF4B44AB74} = {5BA8EF7F-03F4-4AB7-B0F9-194E2437C58B}
		{68783365-262C-44B6-B738-AFADA8B2BF19} = {E73BAF17-BB70-4F31-9A54-E7C5E3BD0F41}
		{1B773E37-7D87-4A9D-AAF7-EF6AC9DB6EFE} = {D41AAE68-BE25-4F19-B96B-2B9ECE23279C}
		{92F225B1-884E-403C-82F1-0A08FC16EB18} = {FCB82C23-E256-4442-9241-31D6449E18CA}
		{8338EA75-692A-4552-B039-B47D9663FC4E} = {B2690A6C-6370-4EC6-8FFA-AA663A546092}
		{0AA11E40-10EB-4DC8-8728-97DC79E0E51E} = {E73BAF17-BB70-4F31-9A54-E7C5E3BD0F41}
		{F608676A-522F-4033-8C81-A777F81954DB} = {169E7A1B-063E-42FB-8D6D-72EAE1B88F2F}
		{9A86F149-5A6A-4D05-8095-B6E19E5F134E} = {169E7A1B-063E-42FB-8D6D-72EAE1B88F2F}
		{88541005-9962-44E6-A7A2-6678AC1A041B} = {FCB82C23-E256-4442-9241-31D6449E18CA}
		{3DF24C70-5574-4D52-9E6A-0BB6AB6F23CC} = {B35FC23D-8505-41D7-844C-9E6D4CE53EC7}
		{90D15C5B-C611-4EEE-BED7-56A4F32DFA36} = {B35FC23D-8505-41D7-844C-9E6D4CE53EC7}
		{BB52BE5E-BB6D-42AC-A187-EFF49959D03D} = {169E7A1B-063E-42FB-8D6D-72EAE1B88F2F}
		{728B9CF5-1BFE-4410-BB78-29F3F797BA02} = {B35FC23D-8505-41D7-844C-9E6D4CE53EC7}
		{F2CA5433-A0A5-4F04-AD60-CAFDF57BC93C} = {B35FC23D-8505-41D7-844C-9E6D4CE53EC7}
		{F3BF504F-143D-466B-BF61-24E987A00EC9} = {0EE0AB22-0D33-4AA5-B10D-BB605FBDAD52}
		{4B3AC9D0-6E32-4F5E-B41F-35387EA225C4} = {B2690A6C-6370-4EC6-8FFA-AA663A546092}
		{807C1135-8FAE-41CA-8DBC-8527D8A1B68C} = {D41AAE68-BE25-4F19-B96B-2B9ECE23279C}
		{A53D1F60-93E2-4517-B391-E9A6DECA103D} = {FCB82C23-E256-4442-9241-31D6449E18CA}
		{4986CC3A-7113-4649-BF57-D9671FCDD9C3} = {FCB82C23-E256-4442-9241-31D6449E18CA}
		{B5F8D905-1BF8-4394-A0BF-40F31ACE7A72} = {FCB82C23-E256-4442-9241-31D6449E18CA}
	EndGlobalSection
EndGlobal
